# This file is automatically @generated by Wally.
# It is not intended for manual editing.
registry = "test"

[[package]]
name = "howmanysmall/janitor"
version = "1.15.1"
dependencies = []

[[package]]
name = "lukadev-0/taggedobject"
version = "0.1.0"
dependencies = [["Janitor", "howmanysmall/janitor@1.15.1"]]
